{
  "name": "one-drag-box",
  "version": "1.0.0",
  "lockfileVersion": 1,
  "requires": true,
  "dependencies": {
    "@alexmtur/one-class": {
      "version": "3.2.6",
      "resolved": "https://registry.npmjs.org/@alexmtur/one-class/-/one-class-3.2.6.tgz",
      "integrity": "sha512-1avfnWY6Q/i5X3JYZ8fuM/I0tcrNTaFPe4Hye7bbpU4ZEIcE12nQ8G9BJM7Lmd/SMRTIScWzyXWa5ifKE5GUzg==",
      "requires": {
        "@alexmtur/one-style": "3.0.2",
        "@polymer/polymer": "3.0.5",
        "lit-html": "github:Polymer/lit-html#f9663ec0a9ea99b13cc079fd91ecdb1711497073",
        "web-animations-js": "2.3.1"
      }
    },
    "@alexmtur/one-style": {
      "version": "3.0.2",
      "resolved": "https://registry.npmjs.org/@alexmtur/one-style/-/one-style-3.0.2.tgz",
      "integrity": "sha512-HOviDRzBSbPvLGbJ1Vcc+lnLdV3MbkSNC6M+ZppAUTq93bn4q5Z5QsICK7c3N5fpR5cpQ9bVl7+WI38YYAAK7g=="
    },
    "@polymer/polymer": {
      "version": "3.0.5",
      "resolved": "https://registry.npmjs.org/@polymer/polymer/-/polymer-3.0.5.tgz",
      "integrity": "sha512-Zbmhtr5vZ3NoHWwFYLKI4ff7yfE6DZopI8vaS7HvmUIuNqsv/EpEDXfNEYjqePQmkMX5LU9OIKV1eX/+9aveow==",
      "requires": {
        "@webcomponents/shadycss": "1.5.2"
      }
    },
    "@webcomponents/shadycss": {
      "version": "1.5.2",
      "resolved": "https://registry.npmjs.org/@webcomponents/shadycss/-/shadycss-1.5.2.tgz",
      "integrity": "sha512-0OyrmVc7S+INtzoqP2ofAo+OdVn2Nj0Qvq4wD9FEGN7nMmLRxaD2mzy6hD6EslzxUSuGH302CDU4KXiY66SEqg=="
    },
    "lit-html": {
      "version": "github:Polymer/lit-html#f9663ec0a9ea99b13cc079fd91ecdb1711497073"
    },
    "smoothscroll-polyfill": {
      "version": "0.4.3",
      "resolved": "https://registry.npmjs.org/smoothscroll-polyfill/-/smoothscroll-polyfill-0.4.3.tgz",
      "integrity": "sha512-aUg0sY8XlWw9reC3VGlVdmC9W4K565alN4t8Cm50kULz53NB4GvsZbrinWPLqYqLolY60NBdqHDyh89MqDUc/Q=="
    },
    "web-animations-js": {
      "version": "2.3.1",
      "resolved": "https://registry.npmjs.org/web-animations-js/-/web-animations-js-2.3.1.tgz",
      "integrity": "sha1-Om2bwVGWN3qQ+OKAP6UmIWWwRRA="
    }
  }
}
